
Microsoft Visual Studio Solution File, Format Version 12.00
# Visual Studio 15
VisualStudioVersion = 15.0.27703.2042
MinimumVisualStudioVersion = 10.0.40219.1
Project("{2150E333-8FDC-42A3-9474-1A3956D46DE8}") = "RetailDemo.learning", "RetailDemo.learning", "{3AB51F59-A7A5-42C0-A34F-B413D0F2188C}"
EndProject
Project("{FAE04EC0-301F-11D3-BF4B-00C04F79EFBC}") = "Billing", "RetailDemo.learning\Billing\Billing.csproj", "{A16A9520-E7D4-4CA2-9846-013FFD5948B6}"
EndProject
Project("{FAE04EC0-301F-11D3-BF4B-00C04F79EFBC}") = "ClientUI", "RetailDemo.learning\ClientUI\ClientUI.csproj", "{400D2425-D740-4CE0-9F5B-518B53DF3EBA}"
EndProject
Project("{FAE04EC0-301F-11D3-BF4B-00C04F79EFBC}") = "Messages", "RetailDemo.learning\Messages\Messages.csproj", "{3CE069A4-1BAB-4B5E-853E-A8002DAAE795}"
EndProject
Project("{FAE04EC0-301F-11D3-BF4B-00C04F79EFBC}") = "Sales", "RetailDemo.learning\Sales\Sales.csproj", "{3EDF823A-E8D3-4707-ABFF-AEB6F1867A36}"
EndProject
Project("{FAE04EC0-301F-11D3-BF4B-00C04F79EFBC}") = "Shipping", "RetailDemo.learning\Shipping\Shipping.csproj", "{DC71B128-1EA4-4A33-BC38-ACDFEE6351F6}"
EndProject
Project("{2150E333-8FDC-42A3-9474-1A3956D46DE8}") = "RetailDemo.msmq", "RetailDemo.msmq", "{1D980DBC-B762-4FCE-9931-624B046B84AE}"
EndProject
Project("{FAE04EC0-301F-11D3-BF4B-00C04F79EFBC}") = "Billing", "RetailDemo.msmq\Billing\Billing.csproj", "{9D227A0B-256B-44AE-BD1E-98FEEBF86C92}"
EndProject
Project("{FAE04EC0-301F-11D3-BF4B-00C04F79EFBC}") = "ClientUI", "RetailDemo.msmq\ClientUI\ClientUI.csproj", "{6B7342B4-5716-40C8-8AC6-8BB99A03ABB1}"
EndProject
Project("{FAE04EC0-301F-11D3-BF4B-00C04F79EFBC}") = "Messages", "RetailDemo.msmq\Messages\Messages.csproj", "{ACAC21E4-C74B-4130-828D-F98219B993C3}"
EndProject
Project("{FAE04EC0-301F-11D3-BF4B-00C04F79EFBC}") = "Sales", "RetailDemo.msmq\Sales\Sales.csproj", "{D572D0DB-0FB5-4208-ABBA-3453B7EE7722}"
EndProject
Project("{FAE04EC0-301F-11D3-BF4B-00C04F79EFBC}") = "Shipping", "RetailDemo.msmq\Shipping\Shipping.csproj", "{0251A9B6-FBC7-40FC-93B6-E5A785FEE466}"
EndProject
Project("{2150E333-8FDC-42A3-9474-1A3956D46DE8}") = "RetailDemo.sqlserver", "RetailDemo.sqlserver", "{25D81896-059C-478D-AA9E-C0556C3E9D84}"
EndProject
Project("{FAE04EC0-301F-11D3-BF4B-00C04F79EFBC}") = "Billing", "RetailDemo.sqlserver\Billing\Billing.csproj", "{A047659D-0F24-4604-A0C0-549E23EEBE59}"
EndProject
Project("{FAE04EC0-301F-11D3-BF4B-00C04F79EFBC}") = "ClientUI", "RetailDemo.sqlserver\ClientUI\ClientUI.csproj", "{EB4C99B5-F114-4865-A32D-D29C4B1AE0E9}"
EndProject
Project("{FAE04EC0-301F-11D3-BF4B-00C04F79EFBC}") = "Sales", "RetailDemo.sqlserver\Sales\Sales.csproj", "{BA0B2E43-9EEB-4FD6-B13B-CF89E4214A1D}"
EndProject
Project("{FAE04EC0-301F-11D3-BF4B-00C04F79EFBC}") = "Shared", "RetailDemo.sqlserver\Shared\Shared.csproj", "{89D1D155-C788-4CE7-B0DE-9A3C72BA4080}"
EndProject
Project("{FAE04EC0-301F-11D3-BF4B-00C04F79EFBC}") = "Shipping", "RetailDemo.sqlserver\Shipping\Shipping.csproj", "{7095B407-4611-4706-9624-37CB5C9D6610}"
EndProject
Global
	GlobalSection(SolutionConfigurationPlatforms) = preSolution
		Debug|Any CPU = Debug|Any CPU
		Release|Any CPU = Release|Any CPU
	EndGlobalSection
	GlobalSection(ProjectConfigurationPlatforms) = postSolution
		{A16A9520-E7D4-4CA2-9846-013FFD5948B6}.Debug|Any CPU.ActiveCfg = Debug|Any CPU
		{A16A9520-E7D4-4CA2-9846-013FFD5948B6}.Debug|Any CPU.Build.0 = Debug|Any CPU
		{A16A9520-E7D4-4CA2-9846-013FFD5948B6}.Release|Any CPU.ActiveCfg = Release|Any CPU
		{A16A9520-E7D4-4CA2-9846-013FFD5948B6}.Release|Any CPU.Build.0 = Release|Any CPU
		{400D2425-D740-4CE0-9F5B-518B53DF3EBA}.Debug|Any CPU.ActiveCfg = Debug|Any CPU
		{400D2425-D740-4CE0-9F5B-518B53DF3EBA}.Debug|Any CPU.Build.0 = Debug|Any CPU
		{400D2425-D740-4CE0-9F5B-518B53DF3EBA}.Release|Any CPU.ActiveCfg = Release|Any CPU
		{400D2425-D740-4CE0-9F5B-518B53DF3EBA}.Release|Any CPU.Build.0 = Release|Any CPU
		{3CE069A4-1BAB-4B5E-853E-A8002DAAE795}.Debug|Any CPU.ActiveCfg = Debug|Any CPU
		{3CE069A4-1BAB-4B5E-853E-A8002DAAE795}.Debug|Any CPU.Build.0 = Debug|Any CPU
		{3CE069A4-1BAB-4B5E-853E-A8002DAAE795}.Release|Any CPU.ActiveCfg = Release|Any CPU
		{3CE069A4-1BAB-4B5E-853E-A8002DAAE795}.Release|Any CPU.Build.0 = Release|Any CPU
		{3EDF823A-E8D3-4707-ABFF-AEB6F1867A36}.Debug|Any CPU.ActiveCfg = Debug|Any CPU
		{3EDF823A-E8D3-4707-ABFF-AEB6F1867A36}.Debug|Any CPU.Build.0 = Debug|Any CPU
		{3EDF823A-E8D3-4707-ABFF-AEB6F1867A36}.Release|Any CPU.ActiveCfg = Release|Any CPU
		{3EDF823A-E8D3-4707-ABFF-AEB6F1867A36}.Release|Any CPU.Build.0 = Release|Any CPU
		{DC71B128-1EA4-4A33-BC38-ACDFEE6351F6}.Debug|Any CPU.ActiveCfg = Debug|Any CPU
		{DC71B128-1EA4-4A33-BC38-ACDFEE6351F6}.Debug|Any CPU.Build.0 = Debug|Any CPU
		{DC71B128-1EA4-4A33-BC38-ACDFEE6351F6}.Release|Any CPU.ActiveCfg = Release|Any CPU
		{DC71B128-1EA4-4A33-BC38-ACDFEE6351F6}.Release|Any CPU.Build.0 = Release|Any CPU
		{9D227A0B-256B-44AE-BD1E-98FEEBF86C92}.Debug|Any CPU.ActiveCfg = Debug|Any CPU
		{9D227A0B-256B-44AE-BD1E-98FEEBF86C92}.Debug|Any CPU.Build.0 = Debug|Any CPU
		{9D227A0B-256B-44AE-BD1E-98FEEBF86C92}.Release|Any CPU.ActiveCfg = Release|Any CPU
		{9D227A0B-256B-44AE-BD1E-98FEEBF86C92}.Release|Any CPU.Build.0 = Release|Any CPU
		{6B7342B4-5716-40C8-8AC6-8BB99A03ABB1}.Debug|Any CPU.ActiveCfg = Debug|Any CPU
		{6B7342B4-5716-40C8-8AC6-8BB99A03ABB1}.Debug|Any CPU.Build.0 = Debug|Any CPU
		{6B7342B4-5716-40C8-8AC6-8BB99A03ABB1}.Release|Any CPU.ActiveCfg = Release|Any CPU
		{6B7342B4-5716-40C8-8AC6-8BB99A03ABB1}.Release|Any CPU.Build.0 = Release|Any CPU
		{ACAC21E4-C74B-4130-828D-F98219B993C3}.Debug|Any CPU.ActiveCfg = Debug|Any CPU
		{ACAC21E4-C74B-4130-828D-F98219B993C3}.Debug|Any CPU.Build.0 = Debug|Any CPU
		{ACAC21E4-C74B-4130-828D-F98219B993C3}.Release|Any CPU.ActiveCfg = Release|Any CPU
		{ACAC21E4-C74B-4130-828D-F98219B993C3}.Release|Any CPU.Build.0 = Release|Any CPU
		{D572D0DB-0FB5-4208-ABBA-3453B7EE7722}.Debug|Any CPU.ActiveCfg = Debug|Any CPU
		{D572D0DB-0FB5-4208-ABBA-3453B7EE7722}.Debug|Any CPU.Build.0 = Debug|Any CPU
		{D572D0DB-0FB5-4208-ABBA-3453B7EE7722}.Release|Any CPU.ActiveCfg = Release|Any CPU
		{D572D0DB-0FB5-4208-ABBA-3453B7EE7722}.Release|Any CPU.Build.0 = Release|Any CPU
		{0251A9B6-FBC7-40FC-93B6-E5A785FEE466}.Debug|Any CPU.ActiveCfg = Debug|Any CPU
		{0251A9B6-FBC7-40FC-93B6-E5A785FEE466}.Debug|Any CPU.Build.0 = Debug|Any CPU
		{0251A9B6-FBC7-40FC-93B6-E5A785FEE466}.Release|Any CPU.ActiveCfg = Release|Any CPU
		{0251A9B6-FBC7-40FC-93B6-E5A785FEE466}.Release|Any CPU.Build.0 = Release|Any CPU
		{A047659D-0F24-4604-A0C0-549E23EEBE59}.Debug|Any CPU.ActiveCfg = Debug|Any CPU
		{A047659D-0F24-4604-A0C0-549E23EEBE59}.Debug|Any CPU.Build.0 = Debug|Any CPU
		{A047659D-0F24-4604-A0C0-549E23EEBE59}.Release|Any CPU.ActiveCfg = Release|Any CPU
		{A047659D-0F24-4604-A0C0-549E23EEBE59}.Release|Any CPU.Build.0 = Release|Any CPU
		{EB4C99B5-F114-4865-A32D-D29C4B1AE0E9}.Debug|Any CPU.ActiveCfg = Debug|Any CPU
		{EB4C99B5-F114-4865-A32D-D29C4B1AE0E9}.Debug|Any CPU.Build.0 = Debug|Any CPU
		{EB4C99B5-F114-4865-A32D-D29C4B1AE0E9}.Release|Any CPU.ActiveCfg = Release|Any CPU
		{EB4C99B5-F114-4865-A32D-D29C4B1AE0E9}.Release|Any CPU.Build.0 = Release|Any CPU
		{BA0B2E43-9EEB-4FD6-B13B-CF89E4214A1D}.Debug|Any CPU.ActiveCfg = Debug|Any CPU
		{BA0B2E43-9EEB-4FD6-B13B-CF89E4214A1D}.Debug|Any CPU.Build.0 = Debug|Any CPU
		{BA0B2E43-9EEB-4FD6-B13B-CF89E4214A1D}.Release|Any CPU.ActiveCfg = Release|Any CPU
		{BA0B2E43-9EEB-4FD6-B13B-CF89E4214A1D}.Release|Any CPU.Build.0 = Release|Any CPU
		{89D1D155-C788-4CE7-B0DE-9A3C72BA4080}.Debug|Any CPU.ActiveCfg = Debug|Any CPU
		{89D1D155-C788-4CE7-B0DE-9A3C72BA4080}.Debug|Any CPU.Build.0 = Debug|Any CPU
		{89D1D155-C788-4CE7-B0DE-9A3C72BA4080}.Release|Any CPU.ActiveCfg = Release|Any CPU
		{89D1D155-C788-4CE7-B0DE-9A3C72BA4080}.Release|Any CPU.Build.0 = Release|Any CPU
		{7095B407-4611-4706-9624-37CB5C9D6610}.Debug|Any CPU.ActiveCfg = Debug|Any CPU
		{7095B407-4611-4706-9624-37CB5C9D6610}.Debug|Any CPU.Build.0 = Debug|Any CPU
		{7095B407-4611-4706-9624-37CB5C9D6610}.Release|Any CPU.ActiveCfg = Release|Any CPU
		{7095B407-4611-4706-9624-37CB5C9D6610}.Release|Any CPU.Build.0 = Release|Any CPU
	EndGlobalSection
	GlobalSection(SolutionProperties) = preSolution
		HideSolutionNode = FALSE
	EndGlobalSection
	GlobalSection(NestedProjects) = preSolution
		{A16A9520-E7D4-4CA2-9846-013FFD5948B6} = {3AB51F59-A7A5-42C0-A34F-B413D0F2188C}
		{400D2425-D740-4CE0-9F5B-518B53DF3EBA} = {3AB51F59-A7A5-42C0-A34F-B413D0F2188C}
		{3CE069A4-1BAB-4B5E-853E-A8002DAAE795} = {3AB51F59-A7A5-42C0-A34F-B413D0F2188C}
		{3EDF823A-E8D3-4707-ABFF-AEB6F1867A36} = {3AB51F59-A7A5-42C0-A34F-B413D0F2188C}
		{DC71B128-1EA4-4A33-BC38-ACDFEE6351F6} = {3AB51F59-A7A5-42C0-A34F-B413D0F2188C}
		{9D227A0B-256B-44AE-BD1E-98FEEBF86C92} = {1D980DBC-B762-4FCE-9931-624B046B84AE}
		{6B7342B4-5716-40C8-8AC6-8BB99A03ABB1} = {1D980DBC-B762-4FCE-9931-624B046B84AE}
		{ACAC21E4-C74B-4130-828D-F98219B993C3} = {1D980DBC-B762-4FCE-9931-624B046B84AE}
		{D572D0DB-0FB5-4208-ABBA-3453B7EE7722} = {1D980DBC-B762-4FCE-9931-624B046B84AE}
		{0251A9B6-FBC7-40FC-93B6-E5A785FEE466} = {1D980DBC-B762-4FCE-9931-624B046B84AE}
		{A047659D-0F24-4604-A0C0-549E23EEBE59} = {25D81896-059C-478D-AA9E-C0556C3E9D84}
		{EB4C99B5-F114-4865-A32D-D29C4B1AE0E9} = {25D81896-059C-478D-AA9E-C0556C3E9D84}
		{BA0B2E43-9EEB-4FD6-B13B-CF89E4214A1D} = {25D81896-059C-478D-AA9E-C0556C3E9D84}
		{89D1D155-C788-4CE7-B0DE-9A3C72BA4080} = {25D81896-059C-478D-AA9E-C0556C3E9D84}
		{7095B407-4611-4706-9624-37CB5C9D6610} = {25D81896-059C-478D-AA9E-C0556C3E9D84}
	EndGlobalSection
	GlobalSection(ExtensibilityGlobals) = postSolution
		SolutionGuid = {9C1F147F-9710-4510-89B5-8E6F5CE5A671}
	EndGlobalSection
EndGlobal
