
Microsoft Visual Studio Solution File, Format Version 12.00
# Visual Studio 15
VisualStudioVersion = 15.0.28307.757
MinimumVisualStudioVersion = 10.0.40219.1
Project("{FAE04EC0-301F-11D3-BF4B-00C04F79EFBC}") = "CSharpBasicsDemo", "CSharpBasicsDemo\CSharpBasicsDemo.csproj", "{C0D04D8B-8985-403F-BE2C-B2DCC7637F79}"
EndProject
Global
	GlobalSection(SolutionConfigurationPlatforms) = preSolution
		Debug|Any CPU = Debug|Any CPU
		Release|Any CPU = Release|Any CPU
	EndGlobalSection
	GlobalSection(ProjectConfigurationPlatforms) = postSolution
		{C0D04D8B-8985-403F-BE2C-B2DCC7637F79}.Debug|Any CPU.ActiveCfg = Debug|Any CPU
		{C0D04D8B-8985-403F-BE2C-B2DCC7637F79}.Debug|Any CPU.Build.0 = Debug|Any CPU
		{C0D04D8B-8985-403F-BE2C-B2DCC7637F79}.Release|Any CPU.ActiveCfg = Release|Any CPU
		{C0D04D8B-8985-403F-BE2C-B2DCC7637F79}.Release|Any CPU.Build.0 = Release|Any CPU
	EndGlobalSection
	GlobalSection(SolutionProperties) = preSolution
		HideSolutionNode = FALSE
	EndGlobalSection
	GlobalSection(ExtensibilityGlobals) = postSolution
		SolutionGuid = {8BC6EC48-74D4-4BF8-B195-2AAE9F2E2F2A}
	EndGlobalSection
EndGlobal
